
Microsoft Visual Studio Solution File, Format Version 12.00
# Visual Studio Version 16
VisualStudioVersion = 16.0.30517.126
MinimumVisualStudioVersion = 10.0.40219.1
Project("{8BC9CEB8-8B4A-11D0-8D11-00A0C91BC942}") = "EDID.cpp", "EDID.cpp.vcxproj", "{FED8554B-2F04-44EB-82EB-EC6B2F412E9E}"
EndProject
Global
	GlobalSection(SolutionConfigurationPlatforms) = preSolution
		Debug|x64 = Debug|x64
		Debug|x86 = Debug|x86
		Release|x64 = Release|x64
		Release|x86 = Release|x86
	EndGlobalSection
	GlobalSection(ProjectConfigurationPlatforms) = postSolution
		{FED8554B-2F04-44EB-82EB-EC6B2F412E9E}.Debug|x64.ActiveCfg = Debug|x64
		{FED8554B-2F04-44EB-82EB-EC6B2F412E9E}.Debug|x64.Build.0 = Debug|x64
		{FED8554B-2F04-44EB-82EB-EC6B2F412E9E}.Debug|x86.ActiveCfg = Debug|Win32
		{FED8554B-2F04-44EB-82EB-EC6B2F412E9E}.Debug|x86.Build.0 = Debug|Win32
		{FED8554B-2F04-44EB-82EB-EC6B2F412E9E}.Release|x64.ActiveCfg = Release|x64
		{FED8554B-2F04-44EB-82EB-EC6B2F412E9E}.Release|x64.Build.0 = Release|x64
		{FED8554B-2F04-44EB-82EB-EC6B2F412E9E}.Release|x86.ActiveCfg = Release|Win32
		{FED8554B-2F04-44EB-82EB-EC6B2F412E9E}.Release|x86.Build.0 = Release|Win32
	EndGlobalSection
	GlobalSection(SolutionProperties) = preSolution
		HideSolutionNode = FALSE
	EndGlobalSection
	GlobalSection(ExtensibilityGlobals) = postSolution
		SolutionGuid = {DEB56F61-D0CE-400D-B7F2-8B3C50505B68}
	EndGlobalSection
EndGlobal
